// !$*UTF8*$!
{
	archiveVersion = 1;
	classes = {
	};
	objectVersion = 50;
	objects = {

/* Begin PBXBuildFile section */
		4C4C0FF0254A94D20010B9BD /* AppDelegate.m in Sources */ = {isa = PBXBuildFile; fileRef = 4C4C0FEF254A94D20010B9BD /* AppDelegate.m */; };
		4C4C0FF3254A94D20010B9BD /* SceneDelegate.m in Sources */ = {isa = PBXBuildFile; fileRef = 4C4C0FF2254A94D20010B9BD /* SceneDelegate.m */; };
		4C4C0FF6254A94D20010B9BD /* ViewController.m in Sources */ = {isa = PBXBuildFile; fileRef = 4C4C0FF5254A94D20010B9BD /* ViewController.m */; };
		4C4C0FF9254A94D20010B9BD /* Main.storyboard in Resources */ = {isa = PBXBuildFile; fileRef = 4C4C0FF7254A94D20010B9BD /* Main.storyboard */; };
		4C4C0FFB254A94D50010B9BD /* Assets.xcassets in Resources */ = {isa = PBXBuildFile; fileRef = 4C4C0FFA254A94D50010B9BD /* Assets.xcassets */; };
		4C4C0FFE254A94D50010B9BD /* LaunchScreen.storyboard in Resources */ = {isa = PBXBuildFile; fileRef = 4C4C0FFC254A94D50010B9BD /* LaunchScreen.storyboard */; };
		4C4C1001254A94D50010B9BD /* main.m in Sources */ = {isa = PBXBuildFile; fileRef = 4C4C1000254A94D50010B9BD /* main.m */; };
/* End PBXBuildFile section */

/* Begin PBXFileReference section */
		4C4C0FEB254A94D20010B9BD /* MiniAppDemo.app */ = {isa = PBXFileReference; explicitFileType = wrapper.application; includeInIndex = 0; path = MiniAppDemo.app; sourceTree = BUILT_PRODUCTS_DIR; };
		4C4C0FEE254A94D20010B9BD /* AppDelegate.h */ = {isa = PBXFileReference; lastKnownFileType = sourcecode.c.h; path = AppDelegate.h; sourceTree = "<group>"; };
		4C4C0FEF254A94D20010B9BD /* AppDelegate.m */ = {isa = PBXFileReference; lastKnownFileType = sourcecode.c.objc; path = AppDelegate.m; sourceTree = "<group>"; };
		4C4C0FF1254A94D20010B9BD /* SceneDelegate.h */ = {isa = PBXFileReference; lastKnownFileType = sourcecode.c.h; path = SceneDelegate.h; sourceTree = "<group>"; };
		4C4C0FF2254A94D20010B9BD /* SceneDelegate.m */ = {isa = PBXFileReference; lastKnownFileType = sourcecode.c.objc; path = SceneDelegate.m; sourceTree = "<group>"; };
		4C4C0FF4254A94D20010B9BD /* ViewController.h */ = {isa = PBXFileReference; lastKnownFileType = sourcecode.c.h; path = ViewController.h; sourceTree = "<group>"; };
		4C4C0FF5254A94D20010B9BD /* ViewController.m */ = {isa = PBXFileReference; lastKnownFileType = sourcecode.c.objc; path = ViewController.m; sourceTree = "<group>"; };
		4C4C0FF8254A94D20010B9BD /* Base */ = {isa = PBXFileReference; lastKnownFileType = file.storyboard; name = Base; path = Base.lproj/Main.storyboard; sourceTree = "<group>"; };
		4C4C0FFA254A94D50010B9BD /* Assets.xcassets */ = {isa = PBXFileReference; lastKnownFileType = folder.assetcatalog; path = Assets.xcassets; sourceTree = "<group>"; };
		4C4C0FFD254A94D50010B9BD /* Base */ = {isa = PBXFileReference; lastKnownFileType = file.storyboard; name = Base; path = Base.lproj/LaunchScreen.storyboard; sourceTree = "<group>"; };
		4C4C0FFF254A94D50010B9BD /* Info.plist */ = {isa = PBXFileReference; lastKnownFileType = text.plist.xml; path = Info.plist; sourceTree = "<group>"; };
		4C4C1000254A94D50010B9BD /* main.m */ = {isa = PBXFileReference; lastKnownFileType = sourcecode.c.objc; path = main.m; sourceTree = "<group>"; };
/* End PBXFileReference section */

/* Begin PBXFrameworksBuildPhase section */
		4C4C0FE8254A94D20010B9BD /* Frameworks */ = {
			isa = PBXFrameworksBuildPhase;
			buildActionMask = 2147483647;
			files = (
			);
			runOnlyForDeploymentPostprocessing = 0;
		};
/* End PBXFrameworksBuildPhase section */

/* Begin PBXGroup section */
		4C4C0FE2254A94D20010B9BD = {
			isa = PBXGroup;
			children = (
				4C4C0FED254A94D20010B9BD /* MiniAppDemo */,
				4C4C0FEC254A94D20010B9BD /* Products */,
			);
			sourceTree = "<group>";
		};
		4C4C0FEC254A94D20010B9BD /* Products */ = {
			isa = PBXGroup;
			children = (
				4C4C0FEB254A94D20010B9BD /* MiniAppDemo.app */,
			);
			name = Products;
			sourceTree = "<group>";
		};
		4C4C0FED254A94D20010B9BD /* MiniAppDemo */ = {
			isa = PBXGroup;
			children = (
				4C4C0FEE254A94D20010B9BD /* AppDelegate.h */,
				4C4C0FEF254A94D20010B9BD /* AppDelegate.m */,
				4C4C0FF1254A94D20010B9BD /* SceneDelegate.h */,
				4C4C0FF2254A94D20010B9BD /* SceneDelegate.m */,
				4C4C0FF4254A94D20010B9BD /* ViewController.h */,
				4C4C0FF5254A94D20010B9BD /* ViewController.m */,
				4C4C0FF7254A94D20010B9BD /* Main.storyboard */,
				4C4C0FFA254A94D50010B9BD /* Assets.xcassets */,
				4C4C0FFC254A94D50010B9BD /* LaunchScreen.storyboard */,
				4C4C0FFF254A94D50010B9BD /* Info.plist */,
				4C4C1000254A94D50010B9BD /* main.m */,
			);
			path = MiniAppDemo;
			sourceTree = "<group>";
		};
/* End PBXGroup section */

/* Begin PBXNativeTarget section */
		4C4C0FEA254A94D20010B9BD /* MiniAppDemo */ = {
			isa = PBXNativeTarget;
			buildConfigurationList = 4C4C1004254A94D50010B9BD /* Build configuration list for PBXNativeTarget "MiniAppDemo" */;
			buildPhases = (
				4C4C0FE7254A94D20010B9BD /* Sources */,
				4C4C0FE8254A94D20010B9BD /* Frameworks */,
				4C4C0FE9254A94D20010B9BD /* Resources */,
			);
			buildRules = (
			);
			dependencies = (
			);
			name = MiniAppDemo;
			productName = MiniAppDemo;
			productReference = 4C4C0FEB254A94D20010B9BD /* MiniAppDemo.app */;
			productType = "com.apple.product-type.application";
		};
/* End PBXNativeTarget section */

/* Begin PBXProject section */
		4C4C0FE3254A94D20010B9BD /* Project object */ = {
			isa = PBXProject;
			attributes = {
				LastUpgradeCheck = 1200;
				TargetAttributes = {
					4C4C0FEA254A94D20010B9BD = {
						CreatedOnToolsVersion = 12.0.1;
					};
				};
			};
			buildConfigurationList = 4C4C0FE6254A94D20010B9BD /* Build configuration list for PBXProject "MiniAppDemo" */;
			compatibilityVersion = "Xcode 9.3";
			developmentRegion = en;
			hasScannedForEncodings = 0;
			knownRegions = (
				en,
				Base,
			);
			mainGroup = 4C4C0FE2254A94D20010B9BD;
			productRefGroup = 4C4C0FEC254A94D20010B9BD /* Products */;
			projectDirPath = "";
			projectRoot = "";
			targets = (
				4C4C0FEA254A94D20010B9BD /* MiniAppDemo */,
			);
		};
/* End PBXProject section */

/* Begin PBXResourcesBuildPhase section */
		4C4C0FE9254A94D20010B9BD /* Resources */ = {
			isa = PBXResourcesBuildPhase;
			buildActionMask = 2147483647;
			files = (
				4C4C0FFE254A94D50010B9BD /* LaunchScreen.storyboard in Resources */,
				4C4C0FFB254A94D50010B9BD /* Assets.xcassets in Resources */,
				4C4C0FF9254A94D20010B9BD /* Main.storyboard in Resources */,
			);
			runOnlyForDeploymentPostprocessing = 0;
		};
/* End PBXResourcesBuildPhase section */

/* Begin PBXSourcesBuildPhase section */
		4C4C0FE7254A94D20010B9BD /* Sources */ = {
			isa = PBXSourcesBuildPhase;
			buildActionMask = 2147483647;
			files = (
				4C4C0FF6254A94D20010B9BD /* ViewController.m in Sources */,
				4C4C0FF0254A94D20010B9BD /* AppDelegate.m in Sources */,
				4C4C1001254A94D50010B9BD /* main.m in Sources */,
				4C4C0FF3254A94D20010B9BD /* SceneDelegate.m in Sources */,
			);
			runOnlyForDeploymentPostprocessing = 0;
		};
/* End PBXSourcesBuildPhase section */

/* Begin PBXVariantGroup section */
		4C4C0FF7254A94D20010B9BD /* Main.storyboard */ = {
			isa = PBXVariantGroup;
			children = (
				4C4C0FF8254A94D20010B9BD /* Base */,
			);
			name = Main.storyboard;
			sourceTree = "<group>";
		};
		4C4C0FFC254A94D50010B9BD /* LaunchScreen.storyboard */ = {
			isa = PBXVariantGroup;
			children = (
				4C4C0FFD254A94D50010B9BD /* Base */,
			);
			name = LaunchScreen.storyboard;
			sourceTree = "<group>";
		};
/* End PBXVariantGroup section */

/* Begin XCBuildConfiguration section */
		4C4C1002254A94D50010B9BD /* Debug */ = {
			isa = XCBuildConfiguration;
			buildSettings = {
				ALWAYS_SEARCH_USER_PATHS = NO;
				CLANG_ANALYZER_NONNULL = YES;
				CLANG_ANALYZER_NUMBER_OBJECT_CONVERSION = YES_AGGRESSIVE;
				CLANG_CXX_LANGUAGE_STANDARD = "gnu++14";
				CLANG_CXX_LIBRARY = "libc++";
				CLANG_ENABLE_MODULES = YES;
				CLANG_ENABLE_OBJC_ARC = YES;
				CLANG_ENABLE_OBJC_WEAK = YES;
				CLANG_WARN_BLOCK_CAPTURE_AUTORELEASING = YES;
				CLANG_WARN_BOOL_CONVERSION = YES;
				CLANG_WARN_COMMA = YES;
				CLANG_WARN_CONSTANT_CONVERSION = YES;
				CLANG_WARN_DEPRECATED_OBJC_IMPLEMENTATIONS = YES;
				CLANG_WARN_DIRECT_OBJC_ISA_USAGE = YES_ERROR;
				CLANG_WARN_DOCUMENTATION_COMMENTS = YES;
				CLANG_WARN_EMPTY_BODY = YES;
				CLANG_WARN_ENUM_CONVERSION = YES;
				CLANG_WARN_INFINITE_RECURSION = YES;
				CLANG_WARN_INT_CONVERSION = YES;
				CLANG_WARN_NON_LITERAL_NULL_CONVERSION = YES;
				CLANG_WARN_OBJC_IMPLICIT_RETAIN_SELF = YES;
				CLANG_WARN_OBJC_LITERAL_CONVERSION = YES;
				CLANG_WARN_OBJC_ROOT_CLASS = YES_ERROR;
				CLANG_WARN_QUOTED_INCLUDE_IN_FRAMEWORK_HEADER = YES;
				CLANG_WARN_RANGE_LOOP_ANALYSIS = YES;
				CLANG_WARN_STRICT_PROTOTYPES = YES;
				CLANG_WARN_SUSPICIOUS_MOVE = YES;
				CLANG_WARN_UNGUARDED_AVAILABILITY = YES_AGGRESSIVE;
				CLANG_WARN_UNREACHABLE_CODE = YES;
				CLANG_WARN__DUPLICATE_METHOD_MATCH = YES;
				COPY_PHASE_STRIP = NO;
				DEBUG_INFORMATION_FORMAT = dwarf;
				ENABLE_STRICT_OBJC_MSGSEND = YES;
				ENABLE_TESTABILITY = YES;
				GCC_C_LANGUAGE_STANDARD = gnu11;
				GCC_DYNAMIC_NO_PIC = NO;
				GCC_NO_COMMON_BLOCKS = YES;
				GCC_OPTIMIZATION_LEVEL = 0;
				GCC_PREPROCESSOR_DEFINITIONS = (
					"DEBUG=1",
					"$(inherited)",
				);
				GCC_WARN_64_TO_32_BIT_CONVERSION = YES;
				GCC_WARN_ABOUT_RETURN_TYPE = YES_ERROR;
				GCC_WARN_UNDECLARED_SELECTOR = YES;
				GCC_WARN_UNINITIALIZED_AUTOS = YES_AGGRESSIVE;
				GCC_WARN_UNUSED_FUNCTION = YES;
				GCC_WARN_UNUSED_VARIABLE = YES;
				IPHONEOS_DEPLOYMENT_TARGET = 14.0;
				MTL_ENABLE_DEBUG_INFO = INCLUDE_SOURCE;
				MTL_FAST_MATH = YES;
				ONLY_ACTIVE_ARCH = YES;
				SDKROOT = iphoneos;
			};
			name = Debug;
		};
		4C4C1003254A94D50010B9BD /* Release */ = {
			isa = XCBuildConfiguration;
			buildSettings = {
				ALWAYS_SEARCH_USER_PATHS = NO;
				CLANG_ANALYZER_NONNULL = YES;
				CLANG_ANALYZER_NUMBER_OBJECT_CONVERSION = YES_AGGRESSIVE;
				CLANG_CXX_LANGUAGE_STANDARD = "gnu++14";
				CLANG_CXX_LIBRARY = "libc++";
				CLANG_ENABLE_MODULES = YES;
				CLANG_ENABLE_OBJC_ARC = YES;
				CLANG_ENABLE_OBJC_WEAK = YES;
				CLANG_WARN_BLOCK_CAPTURE_AUTORELEASING = YES;
				CLANG_WARN_BOOL_CONVERSION = YES;
				CLANG_WARN_COMMA = YES;
				CLANG_WARN_CONSTANT_CONVERSION = YES;
				CLANG_WARN_DEPRECATED_OBJC_IMPLEMENTATIONS = YES;
				CLANG_WARN_DIRECT_OBJC_ISA_USAGE = YES_ERROR;
				CLANG_WARN_DOCUMENTATION_COMMENTS = YES;
				CLANG_WARN_EMPTY_BODY = YES;
				CLANG_WARN_ENUM_CONVERSION = YES;
				CLANG_WARN_INFINITE_RECURSION = YES;
				CLANG_WARN_INT_CONVERSION = YES;
				CLANG_WARN_NON_LITERAL_NULL_CONVERSION = YES;
				CLANG_WARN_OBJC_IMPLICIT_RETAIN_SELF = YES;
				CLANG_WARN_OBJC_LITERAL_CONVERSION = YES;
				CLANG_WARN_OBJC_ROOT_CLASS = YES_ERROR;
				CLANG_WARN_QUOTED_INCLUDE_IN_FRAMEWORK_HEADER = YES;
				CLANG_WARN_RANGE_LOOP_ANALYSIS = YES;
				CLANG_WARN_STRICT_PROTOTYPES = YES;
				CLANG_WARN_SUSPICIOUS_MOVE = YES;
				CLANG_WARN_UNGUARDED_AVAILABILITY = YES_AGGRESSIVE;
				CLANG_WARN_UNREACHABLE_CODE = YES;
				CLANG_WARN__DUPLICATE_METHOD_MATCH = YES;
				COPY_PHASE_STRIP = NO;
				DEBUG_INFORMATION_FORMAT = "dwarf-with-dsym";
				ENABLE_NS_ASSERTIONS = NO;
				ENABLE_STRICT_OBJC_MSGSEND = YES;
				GCC_C_LANGUAGE_STANDARD = gnu11;
				GCC_NO_COMMON_BLOCKS = YES;
				GCC_WARN_64_TO_32_BIT_CONVERSION = YES;
				GCC_WARN_ABOUT_RETURN_TYPE = YES_ERROR;
				GCC_WARN_UNDECLARED_SELECTOR = YES;
				GCC_WARN_UNINITIALIZED_AUTOS = YES_AGGRESSIVE;
				GCC_WARN_UNUSED_FUNCTION = YES;
				GCC_WARN_UNUSED_VARIABLE = YES;
				IPHONEOS_DEPLOYMENT_TARGET = 14.0;
				MTL_ENABLE_DEBUG_INFO = NO;
				MTL_FAST_MATH = YES;
				SDKROOT = iphoneos;
				VALIDATE_PRODUCT = YES;
			};
			name = Release;
		};
		4C4C1005254A94D50010B9BD /* Debug */ = {
			isa = XCBuildConfiguration;
			buildSettings = {
				ASSETCATALOG_COMPILER_APPICON_NAME = AppIcon;
				ASSETCATALOG_COMPILER_GLOBAL_ACCENT_COLOR_NAME = AccentColor;
				CODE_SIGN_STYLE = Automatic;
				INFOPLIST_FILE = MiniAppDemo/Info.plist;
				LD_RUNPATH_SEARCH_PATHS = (
					"$(inherited)",
					"@executable_path/Frameworks",
				);
				PRODUCT_BUNDLE_IDENTIFIER = com.test.MiniAppDemo;
				PRODUCT_NAME = "$(TARGET_NAME)";
				TARGETED_DEVICE_FAMILY = "1,2";
			};
			name = Debug;
		};
		4C4C1006254A94D50010B9BD /* Release */ = {
			isa = XCBuildConfiguration;
			buildSettings = {
				ASSETCATALOG_COMPILER_APPICON_NAME = AppIcon;
				ASSETCATALOG_COMPILER_GLOBAL_ACCENT_COLOR_NAME = AccentColor;
				CODE_SIGN_STYLE = Automatic;
				INFOPLIST_FILE = MiniAppDemo/Info.plist;
				LD_RUNPATH_SEARCH_PATHS = (
					"$(inherited)",
					"@executable_path/Frameworks",
				);
				PRODUCT_BUNDLE_IDENTIFIER = com.test.MiniAppDemo;
				PRODUCT_NAME = "$(TARGET_NAME)";
				TARGETED_DEVICE_FAMILY = "1,2";
			};
			name = Release;
		};
/* End XCBuildConfiguration section */

/* Begin XCConfigurationList section */
		4C4C0FE6254A94D20010B9BD /* Build configuration list for PBXProject "MiniAppDemo" */ = {
			isa = XCConfigurationList;
			buildConfigurations = (
				4C4C1002254A94D50010B9BD /* Debug */,
				4C4C1003254A94D50010B9BD /* Release */,
			);
			defaultConfigurationIsVisible = 0;
			defaultConfigurationName = Release;
		};
		4C4C1004254A94D50010B9BD /* Build configuration list for PBXNativeTarget "MiniAppDemo" */ = {
			isa = XCConfigurationList;
			buildConfigurations = (
				4C4C1005254A94D50010B9BD /* Debug */,
				4C4C1006254A94D50010B9BD /* Release */,
			);
			defaultConfigurationIsVisible = 0;
			defaultConfigurationName = Release;
		};
/* End XCConfigurationList section */
	};
	rootObject = 4C4C0FE3254A94D20010B9BD /* Project object */;
}
